// !$*UTF8*$!
{
	archiveVersion = 1;
	classes = {
	};
	objectVersion = 50;
	objects = {

/* Begin PBXBuildFile section */
		719549EB2314CC1C001F80FD /* AppDelegate.swift in Sources */ = {isa = PBXBuildFile; fileRef = 719549EA2314CC1C001F80FD /* AppDelegate.swift */; };
		719549ED2314CC1C001F80FD /* ViewController.swift in Sources */ = {isa = PBXBuildFile; fileRef = 719549EC2314CC1C001F80FD /* ViewController.swift */; };
		719549F02314CC1C001F80FD /* Main.storyboard in Resources */ = {isa = PBXBuildFile; fileRef = 719549EE2314CC1C001F80FD /* Main.storyboard */; };
		719549F22314CC1E001F80FD /* Assets.xcassets in Resources */ = {isa = PBXBuildFile; fileRef = 719549F12314CC1E001F80FD /* Assets.xcassets */; };
		719549F52314CC1E001F80FD /* LaunchScreen.storyboard in Resources */ = {isa = PBXBuildFile; fileRef = 719549F32314CC1E001F80FD /* LaunchScreen.storyboard */; };
		71954A002314CC1E001F80FD /* WeatherTestTests.swift in Sources */ = {isa = PBXBuildFile; fileRef = 719549FF2314CC1E001F80FD /* WeatherTestTests.swift */; };
		71954A0B2314CC1E001F80FD /* WeatherTestUITests.swift in Sources */ = {isa = PBXBuildFile; fileRef = 71954A0A2314CC1E001F80FD /* WeatherTestUITests.swift */; };
/* End PBXBuildFile section */

/* Begin PBXContainerItemProxy section */
		719549FC2314CC1E001F80FD /* PBXContainerItemProxy */ = {
			isa = PBXContainerItemProxy;
			containerPortal = 719549DF2314CC1C001F80FD /* Project object */;
			proxyType = 1;
			remoteGlobalIDString = 719549E62314CC1C001F80FD;
			remoteInfo = WeatherTest;
		};
		71954A072314CC1E001F80FD /* PBXContainerItemProxy */ = {
			isa = PBXContainerItemProxy;
			containerPortal = 719549DF2314CC1C001F80FD /* Project object */;
			proxyType = 1;
			remoteGlobalIDString = 719549E62314CC1C001F80FD;
			remoteInfo = WeatherTest;
		};
/* End PBXContainerItemProxy section */

/* Begin PBXFileReference section */
		719549E72314CC1C001F80FD /* WeatherTest.app */ = {isa = PBXFileReference; explicitFileType = wrapper.application; includeInIndex = 0; path = WeatherTest.app; sourceTree = BUILT_PRODUCTS_DIR; };
		719549EA2314CC1C001F80FD /* AppDelegate.swift */ = {isa = PBXFileReference; lastKnownFileType = sourcecode.swift; path = AppDelegate.swift; sourceTree = "<group>"; };
		719549EC2314CC1C001F80FD /* ViewController.swift */ = {isa = PBXFileReference; lastKnownFileType = sourcecode.swift; path = ViewController.swift; sourceTree = "<group>"; };
		719549EF2314CC1C001F80FD /* Base */ = {isa = PBXFileReference; lastKnownFileType = file.storyboard; name = Base; path = Base.lproj/Main.storyboard; sourceTree = "<group>"; };
		719549F12314CC1E001F80FD /* Assets.xcassets */ = {isa = PBXFileReference; lastKnownFileType = folder.assetcatalog; path = Assets.xcassets; sourceTree = "<group>"; };
		719549F42314CC1E001F80FD /* Base */ = {isa = PBXFileReference; lastKnownFileType = file.storyboard; name = Base; path = Base.lproj/LaunchScreen.storyboard; sourceTree = "<group>"; };
		719549F62314CC1E001F80FD /* Info.plist */ = {isa = PBXFileReference; lastKnownFileType = text.plist.xml; path = Info.plist; sourceTree = "<group>"; };
		719549FB2314CC1E001F80FD /* WeatherTestTests.xctest */ = {isa = PBXFileReference; explicitFileType = wrapper.cfbundle; includeInIndex = 0; path = WeatherTestTests.xctest; sourceTree = BUILT_PRODUCTS_DIR; };
		719549FF2314CC1E001F80FD /* WeatherTestTests.swift */ = {isa = PBXFileReference; lastKnownFileType = sourcecode.swift; path = WeatherTestTests.swift; sourceTree = "<group>"; };
		71954A012314CC1E001F80FD /* Info.plist */ = {isa = PBXFileReference; lastKnownFileType = text.plist.xml; path = Info.plist; sourceTree = "<group>"; };
		71954A062314CC1E001F80FD /* WeatherTestUITests.xctest */ = {isa = PBXFileReference; explicitFileType = wrapper.cfbundle; includeInIndex = 0; path = WeatherTestUITests.xctest; sourceTree = BUILT_PRODUCTS_DIR; };
		71954A0A2314CC1E001F80FD /* WeatherTestUITests.swift */ = {isa = PBXFileReference; lastKnownFileType = sourcecode.swift; path = WeatherTestUITests.swift; sourceTree = "<group>"; };
		71954A0C2314CC1E001F80FD /* Info.plist */ = {isa = PBXFileReference; lastKnownFileType = text.plist.xml; path = Info.plist; sourceTree = "<group>"; };
/* End PBXFileReference section */

/* Begin PBXFrameworksBuildPhase section */
		719549E42314CC1C001F80FD /* Frameworks */ = {
			isa = PBXFrameworksBuildPhase;
			buildActionMask = 2147483647;
			files = (
			);
			runOnlyForDeploymentPostprocessing = 0;
		};
		719549F82314CC1E001F80FD /* Frameworks */ = {
			isa = PBXFrameworksBuildPhase;
			buildActionMask = 2147483647;
			files = (
			);
			runOnlyForDeploymentPostprocessing = 0;
		};
		71954A032314CC1E001F80FD /* Frameworks */ = {
			isa = PBXFrameworksBuildPhase;
			buildActionMask = 2147483647;
			files = (
			);
			runOnlyForDeploymentPostprocessing = 0;
		};
/* End PBXFrameworksBuildPhase section */

/* Begin PBXGroup section */
		719549DE2314CC1C001F80FD = {
			isa = PBXGroup;
			children = (
				719549E92314CC1C001F80FD /* WeatherTest */,
				719549FE2314CC1E001F80FD /* WeatherTestTests */,
				71954A092314CC1E001F80FD /* WeatherTestUITests */,
				719549E82314CC1C001F80FD /* Products */,
			);
			sourceTree = "<group>";
		};
		719549E82314CC1C001F80FD /* Products */ = {
			isa = PBXGroup;
			children = (
				719549E72314CC1C001F80FD /* WeatherTest.app */,
				719549FB2314CC1E001F80FD /* WeatherTestTests.xctest */,
				71954A062314CC1E001F80FD /* WeatherTestUITests.xctest */,
			);
			name = Products;
			sourceTree = "<group>";
		};
		719549E92314CC1C001F80FD /* WeatherTest */ = {
			isa = PBXGroup;
			children = (
				719549EA2314CC1C001F80FD /* AppDelegate.swift */,
				719549EC2314CC1C001F80FD /* ViewController.swift */,
				719549EE2314CC1C001F80FD /* Main.storyboard */,
				719549F12314CC1E001F80FD /* Assets.xcassets */,
				719549F32314CC1E001F80FD /* LaunchScreen.storyboard */,
				719549F62314CC1E001F80FD /* Info.plist */,
			);
			path = WeatherTest;
			sourceTree = "<group>";
		};
		719549FE2314CC1E001F80FD /* WeatherTestTests */ = {
			isa = PBXGroup;
			children = (
				719549FF2314CC1E001F80FD /* WeatherTestTests.swift */,
				71954A012314CC1E001F80FD /* Info.plist */,
			);
			path = WeatherTestTests;
			sourceTree = "<group>";
		};
		71954A092314CC1E001F80FD /* WeatherTestUITests */ = {
			isa = PBXGroup;
			children = (
				71954A0A2314CC1E001F80FD /* WeatherTestUITests.swift */,
				71954A0C2314CC1E001F80FD /* Info.plist */,
			);
			path = WeatherTestUITests;
			sourceTree = "<group>";
		};
/* End PBXGroup section */

/* Begin PBXNativeTarget section */
		719549E62314CC1C001F80FD /* WeatherTest */ = {
			isa = PBXNativeTarget;
			buildConfigurationList = 71954A0F2314CC1E001F80FD /* Build configuration list for PBXNativeTarget "WeatherTest" */;
			buildPhases = (
				719549E32314CC1C001F80FD /* Sources */,
				719549E42314CC1C001F80FD /* Frameworks */,
				719549E52314CC1C001F80FD /* Resources */,
			);
			buildRules = (
			);
			dependencies = (
			);
			name = WeatherTest;
			productName = WeatherTest;
			productReference = 719549E72314CC1C001F80FD /* WeatherTest.app */;
			productType = "com.apple.product-type.application";
		};
		719549FA2314CC1E001F80FD /* WeatherTestTests */ = {
			isa = PBXNativeTarget;
			buildConfigurationList = 71954A122314CC1E001F80FD /* Build configuration list for PBXNativeTarget "WeatherTestTests" */;
			buildPhases = (
				719549F72314CC1E001F80FD /* Sources */,
				719549F82314CC1E001F80FD /* Frameworks */,
				719549F92314CC1E001F80FD /* Resources */,
			);
			buildRules = (
			);
			dependencies = (
				719549FD2314CC1E001F80FD /* PBXTargetDependency */,
			);
			name = WeatherTestTests;
			productName = WeatherTestTests;
			productReference = 719549FB2314CC1E001F80FD /* WeatherTestTests.xctest */;
			productType = "com.apple.product-type.bundle.unit-test";
		};
		71954A052314CC1E001F80FD /* WeatherTestUITests */ = {
			isa = PBXNativeTarget;
			buildConfigurationList = 71954A152314CC1E001F80FD /* Build configuration list for PBXNativeTarget "WeatherTestUITests" */;
			buildPhases = (
				71954A022314CC1E001F80FD /* Sources */,
				71954A032314CC1E001F80FD /* Frameworks */,
				71954A042314CC1E001F80FD /* Resources */,
			);
			buildRules = (
			);
			dependencies = (
				71954A082314CC1E001F80FD /* PBXTargetDependency */,
			);
			name = WeatherTestUITests;
			productName = WeatherTestUITests;
			productReference = 71954A062314CC1E001F80FD /* WeatherTestUITests.xctest */;
			productType = "com.apple.product-type.bundle.ui-testing";
		};
/* End PBXNativeTarget section */

/* Begin PBXProject section */
		719549DF2314CC1C001F80FD /* Project object */ = {
			isa = PBXProject;
			attributes = {
				LastSwiftUpdateCheck = 1030;
				LastUpgradeCheck = 1030;
				ORGANIZATIONNAME = "Tomas Moran";
				TargetAttributes = {
					719549E62314CC1C001F80FD = {
						CreatedOnToolsVersion = 10.3;
					};
					719549FA2314CC1E001F80FD = {
						CreatedOnToolsVersion = 10.3;
						TestTargetID = 719549E62314CC1C001F80FD;
					};
					71954A052314CC1E001F80FD = {
						CreatedOnToolsVersion = 10.3;
						TestTargetID = 719549E62314CC1C001F80FD;
					};
				};
			};
			buildConfigurationList = 719549E22314CC1C001F80FD /* Build configuration list for PBXProject "WeatherTest" */;
			compatibilityVersion = "Xcode 9.3";
			developmentRegion = en;
			hasScannedForEncodings = 0;
			knownRegions = (
				en,
				Base,
			);
			mainGroup = 719549DE2314CC1C001F80FD;
			productRefGroup = 719549E82314CC1C001F80FD /* Products */;
			projectDirPath = "";
			projectRoot = "";
			targets = (
				719549E62314CC1C001F80FD /* WeatherTest */,
				719549FA2314CC1E001F80FD /* WeatherTestTests */,
				71954A052314CC1E001F80FD /* WeatherTestUITests */,
			);
		};
/* End PBXProject section */

/* Begin PBXResourcesBuildPhase section */
		719549E52314CC1C001F80FD /* Resources */ = {
			isa = PBXResourcesBuildPhase;
			buildActionMask = 2147483647;
			files = (
				719549F52314CC1E001F80FD /* LaunchScreen.storyboard in Resources */,
				719549F22314CC1E001F80FD /* Assets.xcassets in Resources */,
				719549F02314CC1C001F80FD /* Main.storyboard in Resources */,
			);
			runOnlyForDeploymentPostprocessing = 0;
		};
		719549F92314CC1E001F80FD /* Resources */ = {
			isa = PBXResourcesBuildPhase;
			buildActionMask = 2147483647;
			files = (
			);
			runOnlyForDeploymentPostprocessing = 0;
		};
		71954A042314CC1E001F80FD /* Resources */ = {
			isa = PBXResourcesBuildPhase;
			buildActionMask = 2147483647;
			files = (
			);
			runOnlyForDeploymentPostprocessing = 0;
		};
/* End PBXResourcesBuildPhase section */

/* Begin PBXSourcesBuildPhase section */
		719549E32314CC1C001F80FD /* Sources */ = {
			isa = PBXSourcesBuildPhase;
			buildActionMask = 2147483647;
			files = (
				719549ED2314CC1C001F80FD /* ViewController.swift in Sources */,
				719549EB2314CC1C001F80FD /* AppDelegate.swift in Sources */,
			);
			runOnlyForDeploymentPostprocessing = 0;
		};
		719549F72314CC1E001F80FD /* Sources */ = {
			isa = PBXSourcesBuildPhase;
			buildActionMask = 2147483647;
			files = (
				71954A002314CC1E001F80FD /* WeatherTestTests.swift in Sources */,
			);
			runOnlyForDeploymentPostprocessing = 0;
		};
		71954A022314CC1E001F80FD /* Sources */ = {
			isa = PBXSourcesBuildPhase;
			buildActionMask = 2147483647;
			files = (
				71954A0B2314CC1E001F80FD /* WeatherTestUITests.swift in Sources */,
			);
			runOnlyForDeploymentPostprocessing = 0;
		};
/* End PBXSourcesBuildPhase section */

/* Begin PBXTargetDependency section */
		719549FD2314CC1E001F80FD /* PBXTargetDependency */ = {
			isa = PBXTargetDependency;
			target = 719549E62314CC1C001F80FD /* WeatherTest */;
			targetProxy = 719549FC2314CC1E001F80FD /* PBXContainerItemProxy */;
		};
		71954A082314CC1E001F80FD /* PBXTargetDependency */ = {
			isa = PBXTargetDependency;
			target = 719549E62314CC1C001F80FD /* WeatherTest */;
			targetProxy = 71954A072314CC1E001F80FD /* PBXContainerItemProxy */;
		};
/* End PBXTargetDependency section */

/* Begin PBXVariantGroup section */
		719549EE2314CC1C001F80FD /* Main.storyboard */ = {
			isa = PBXVariantGroup;
			children = (
				719549EF2314CC1C001F80FD /* Base */,
			);
			name = Main.storyboard;
			sourceTree = "<group>";
		};
		719549F32314CC1E001F80FD /* LaunchScreen.storyboard */ = {
			isa = PBXVariantGroup;
			children = (
				719549F42314CC1E001F80FD /* Base */,
			);
			name = LaunchScreen.storyboard;
			sourceTree = "<group>";
		};
/* End PBXVariantGroup section */

/* Begin XCBuildConfiguration section */
		71954A0D2314CC1E001F80FD /* Debug */ = {
			isa = XCBuildConfiguration;
			buildSettings = {
				ALWAYS_SEARCH_USER_PATHS = NO;
				CLANG_ANALYZER_NONNULL = YES;
				CLANG_ANALYZER_NUMBER_OBJECT_CONVERSION = YES_AGGRESSIVE;
				CLANG_CXX_LANGUAGE_STANDARD = "gnu++14";
				CLANG_CXX_LIBRARY = "libc++";
				CLANG_ENABLE_MODULES = YES;
				CLANG_ENABLE_OBJC_ARC = YES;
				CLANG_ENABLE_OBJC_WEAK = YES;
				CLANG_WARN_BLOCK_CAPTURE_AUTORELEASING = YES;
				CLANG_WARN_BOOL_CONVERSION = YES;
				CLANG_WARN_COMMA = YES;
				CLANG_WARN_CONSTANT_CONVERSION = YES;
				CLANG_WARN_DEPRECATED_OBJC_IMPLEMENTATIONS = YES;
				CLANG_WARN_DIRECT_OBJC_ISA_USAGE = YES_ERROR;
				CLANG_WARN_DOCUMENTATION_COMMENTS = YES;
				CLANG_WARN_EMPTY_BODY = YES;
				CLANG_WARN_ENUM_CONVERSION = YES;
				CLANG_WARN_INFINITE_RECURSION = YES;
				CLANG_WARN_INT_CONVERSION = YES;
				CLANG_WARN_NON_LITERAL_NULL_CONVERSION = YES;
				CLANG_WARN_OBJC_IMPLICIT_RETAIN_SELF = YES;
				CLANG_WARN_OBJC_LITERAL_CONVERSION = YES;
				CLANG_WARN_OBJC_ROOT_CLASS = YES_ERROR;
				CLANG_WARN_RANGE_LOOP_ANALYSIS = YES;
				CLANG_WARN_STRICT_PROTOTYPES = YES;
				CLANG_WARN_SUSPICIOUS_MOVE = YES;
				CLANG_WARN_UNGUARDED_AVAILABILITY = YES_AGGRESSIVE;
				CLANG_WARN_UNREACHABLE_CODE = YES;
				CLANG_WARN__DUPLICATE_METHOD_MATCH = YES;
				CODE_SIGN_IDENTITY = "iPhone Developer";
				COPY_PHASE_STRIP = NO;
				DEBUG_INFORMATION_FORMAT = dwarf;
				ENABLE_STRICT_OBJC_MSGSEND = YES;
				ENABLE_TESTABILITY = YES;
				GCC_C_LANGUAGE_STANDARD = gnu11;
				GCC_DYNAMIC_NO_PIC = NO;
				GCC_NO_COMMON_BLOCKS = YES;
				GCC_OPTIMIZATION_LEVEL = 0;
				GCC_PREPROCESSOR_DEFINITIONS = (
					"DEBUG=1",
					"$(inherited)",
				);
				GCC_WARN_64_TO_32_BIT_CONVERSION = YES;
				GCC_WARN_ABOUT_RETURN_TYPE = YES_ERROR;
				GCC_WARN_UNDECLARED_SELECTOR = YES;
				GCC_WARN_UNINITIALIZED_AUTOS = YES_AGGRESSIVE;
				GCC_WARN_UNUSED_FUNCTION = YES;
				GCC_WARN_UNUSED_VARIABLE = YES;
				IPHONEOS_DEPLOYMENT_TARGET = 12.4;
				MTL_ENABLE_DEBUG_INFO = INCLUDE_SOURCE;
				MTL_FAST_MATH = YES;
				ONLY_ACTIVE_ARCH = YES;
				SDKROOT = iphoneos;
				SWIFT_ACTIVE_COMPILATION_CONDITIONS = DEBUG;
				SWIFT_OPTIMIZATION_LEVEL = "-Onone";
			};
			name = Debug;
		};
		71954A0E2314CC1E001F80FD /* Release */ = {
			isa = XCBuildConfiguration;
			buildSettings = {
				ALWAYS_SEARCH_USER_PATHS = NO;
				CLANG_ANALYZER_NONNULL = YES;
				CLANG_ANALYZER_NUMBER_OBJECT_CONVERSION = YES_AGGRESSIVE;
				CLANG_CXX_LANGUAGE_STANDARD = "gnu++14";
				CLANG_CXX_LIBRARY = "libc++";
				CLANG_ENABLE_MODULES = YES;
				CLANG_ENABLE_OBJC_ARC = YES;
				CLANG_ENABLE_OBJC_WEAK = YES;
				CLANG_WARN_BLOCK_CAPTURE_AUTORELEASING = YES;
				CLANG_WARN_BOOL_CONVERSION = YES;
				CLANG_WARN_COMMA = YES;
				CLANG_WARN_CONSTANT_CONVERSION = YES;
				CLANG_WARN_DEPRECATED_OBJC_IMPLEMENTATIONS = YES;
				CLANG_WARN_DIRECT_OBJC_ISA_USAGE = YES_ERROR;
				CLANG_WARN_DOCUMENTATION_COMMENTS = YES;
				CLANG_WARN_EMPTY_BODY = YES;
				CLANG_WARN_ENUM_CONVERSION = YES;
				CLANG_WARN_INFINITE_RECURSION = YES;
				CLANG_WARN_INT_CONVERSION = YES;
				CLANG_WARN_NON_LITERAL_NULL_CONVERSION = YES;
				CLANG_WARN_OBJC_IMPLICIT_RETAIN_SELF = YES;
				CLANG_WARN_OBJC_LITERAL_CONVERSION = YES;
				CLANG_WARN_OBJC_ROOT_CLASS = YES_ERROR;
				CLANG_WARN_RANGE_LOOP_ANALYSIS = YES;
				CLANG_WARN_STRICT_PROTOTYPES = YES;
				CLANG_WARN_SUSPICIOUS_MOVE = YES;
				CLANG_WARN_UNGUARDED_AVAILABILITY = YES_AGGRESSIVE;
				CLANG_WARN_UNREACHABLE_CODE = YES;
				CLANG_WARN__DUPLICATE_METHOD_MATCH = YES;
				CODE_SIGN_IDENTITY = "iPhone Developer";
				COPY_PHASE_STRIP = NO;
				DEBUG_INFORMATION_FORMAT = "dwarf-with-dsym";
				ENABLE_NS_ASSERTIONS = NO;
				ENABLE_STRICT_OBJC_MSGSEND = YES;
				GCC_C_LANGUAGE_STANDARD = gnu11;
				GCC_NO_COMMON_BLOCKS = YES;
				GCC_WARN_64_TO_32_BIT_CONVERSION = YES;
				GCC_WARN_ABOUT_RETURN_TYPE = YES_ERROR;
				GCC_WARN_UNDECLARED_SELECTOR = YES;
				GCC_WARN_UNINITIALIZED_AUTOS = YES_AGGRESSIVE;
				GCC_WARN_UNUSED_FUNCTION = YES;
				GCC_WARN_UNUSED_VARIABLE = YES;
				IPHONEOS_DEPLOYMENT_TARGET = 12.4;
				MTL_ENABLE_DEBUG_INFO = NO;
				MTL_FAST_MATH = YES;
				SDKROOT = iphoneos;
				SWIFT_COMPILATION_MODE = wholemodule;
				SWIFT_OPTIMIZATION_LEVEL = "-O";
				VALIDATE_PRODUCT = YES;
			};
			name = Release;
		};
		71954A102314CC1E001F80FD /* Debug */ = {
			isa = XCBuildConfiguration;
			buildSettings = {
				ASSETCATALOG_COMPILER_APPICON_NAME = AppIcon;
				CODE_SIGN_STYLE = Automatic;
				INFOPLIST_FILE = WeatherTest/Info.plist;
				LD_RUNPATH_SEARCH_PATHS = (
					"$(inherited)",
					"@executable_path/Frameworks",
				);
				PRODUCT_BUNDLE_IDENTIFIER = com.tomasMoran.WeatherTest;
				PRODUCT_NAME = "$(TARGET_NAME)";
				SWIFT_VERSION = 5.0;
				TARGETED_DEVICE_FAMILY = "1,2";
			};
			name = Debug;
		};
		71954A112314CC1E001F80FD /* Release */ = {
			isa = XCBuildConfiguration;
			buildSettings = {
				ASSETCATALOG_COMPILER_APPICON_NAME = AppIcon;
				CODE_SIGN_STYLE = Automatic;
				INFOPLIST_FILE = WeatherTest/Info.plist;
				LD_RUNPATH_SEARCH_PATHS = (
					"$(inherited)",
					"@executable_path/Frameworks",
				);
				PRODUCT_BUNDLE_IDENTIFIER = com.tomasMoran.WeatherTest;
				PRODUCT_NAME = "$(TARGET_NAME)";
				SWIFT_VERSION = 5.0;
				TARGETED_DEVICE_FAMILY = "1,2";
			};
			name = Release;
		};
		71954A132314CC1E001F80FD /* Debug */ = {
			isa = XCBuildConfiguration;
			buildSettings = {
				ALWAYS_EMBED_SWIFT_STANDARD_LIBRARIES = YES;
				BUNDLE_LOADER = "$(TEST_HOST)";
				CODE_SIGN_STYLE = Automatic;
				INFOPLIST_FILE = WeatherTestTests/Info.plist;
				LD_RUNPATH_SEARCH_PATHS = (
					"$(inherited)",
					"@executable_path/Frameworks",
					"@loader_path/Frameworks",
				);
				PRODUCT_BUNDLE_IDENTIFIER = com.tomasMoran.WeatherTestTests;
				PRODUCT_NAME = "$(TARGET_NAME)";
				SWIFT_VERSION = 5.0;
				TARGETED_DEVICE_FAMILY = "1,2";
				TEST_HOST = "$(BUILT_PRODUCTS_DIR)/WeatherTest.app/WeatherTest";
			};
			name = Debug;
		};
		71954A142314CC1E001F80FD /* Release */ = {
			isa = XCBuildConfiguration;
			buildSettings = {
				ALWAYS_EMBED_SWIFT_STANDARD_LIBRARIES = YES;
				BUNDLE_LOADER = "$(TEST_HOST)";
				CODE_SIGN_STYLE = Automatic;
				INFOPLIST_FILE = WeatherTestTests/Info.plist;
				LD_RUNPATH_SEARCH_PATHS = (
					"$(inherited)",
					"@executable_path/Frameworks",
					"@loader_path/Frameworks",
				);
				PRODUCT_BUNDLE_IDENTIFIER = com.tomasMoran.WeatherTestTests;
				PRODUCT_NAME = "$(TARGET_NAME)";
				SWIFT_VERSION = 5.0;
				TARGETED_DEVICE_FAMILY = "1,2";
				TEST_HOST = "$(BUILT_PRODUCTS_DIR)/WeatherTest.app/WeatherTest";
			};
			name = Release;
		};
		71954A162314CC1E001F80FD /* Debug */ = {
			isa = XCBuildConfiguration;
			buildSettings = {
				ALWAYS_EMBED_SWIFT_STANDARD_LIBRARIES = YES;
				CODE_SIGN_STYLE = Automatic;
				INFOPLIST_FILE = WeatherTestUITests/Info.plist;
				LD_RUNPATH_SEARCH_PATHS = (
					"$(inherited)",
					"@executable_path/Frameworks",
					"@loader_path/Frameworks",
				);
				PRODUCT_BUNDLE_IDENTIFIER = com.tomasMoran.WeatherTestUITests;
				PRODUCT_NAME = "$(TARGET_NAME)";
				SWIFT_VERSION = 5.0;
				TARGETED_DEVICE_FAMILY = "1,2";
				TEST_TARGET_NAME = WeatherTest;
			};
			name = Debug;
		};
		71954A172314CC1E001F80FD /* Release */ = {
			isa = XCBuildConfiguration;
			buildSettings = {
				ALWAYS_EMBED_SWIFT_STANDARD_LIBRARIES = YES;
				CODE_SIGN_STYLE = Automatic;
				INFOPLIST_FILE = WeatherTestUITests/Info.plist;
				LD_RUNPATH_SEARCH_PATHS = (
					"$(inherited)",
					"@executable_path/Frameworks",
					"@loader_path/Frameworks",
				);
				PRODUCT_BUNDLE_IDENTIFIER = com.tomasMoran.WeatherTestUITests;
				PRODUCT_NAME = "$(TARGET_NAME)";
				SWIFT_VERSION = 5.0;
				TARGETED_DEVICE_FAMILY = "1,2";
				TEST_TARGET_NAME = WeatherTest;
			};
			name = Release;
		};
/* End XCBuildConfiguration section */

/* Begin XCConfigurationList section */
		719549E22314CC1C001F80FD /* Build configuration list for PBXProject "WeatherTest" */ = {
			isa = XCConfigurationList;
			buildConfigurations = (
				71954A0D2314CC1E001F80FD /* Debug */,
				71954A0E2314CC1E001F80FD /* Release */,
			);
			defaultConfigurationIsVisible = 0;
			defaultConfigurationName = Release;
		};
		71954A0F2314CC1E001F80FD /* Build configuration list for PBXNativeTarget "WeatherTest" */ = {
			isa = XCConfigurationList;
			buildConfigurations = (
				71954A102314CC1E001F80FD /* Debug */,
				71954A112314CC1E001F80FD /* Release */,
			);
			defaultConfigurationIsVisible = 0;
			defaultConfigurationName = Release;
		};
		71954A122314CC1E001F80FD /* Build configuration list for PBXNativeTarget "WeatherTestTests" */ = {
			isa = XCConfigurationList;
			buildConfigurations = (
				71954A132314CC1E001F80FD /* Debug */,
				71954A142314CC1E001F80FD /* Release */,
			);
			defaultConfigurationIsVisible = 0;
			defaultConfigurationName = Release;
		};
		71954A152314CC1E001F80FD /* Build configuration list for PBXNativeTarget "WeatherTestUITests" */ = {
			isa = XCConfigurationList;
			buildConfigurations = (
				71954A162314CC1E001F80FD /* Debug */,
				71954A172314CC1E001F80FD /* Release */,
			);
			defaultConfigurationIsVisible = 0;
			defaultConfigurationName = Release;
		};
/* End XCConfigurationList section */
	};
	rootObject = 719549DF2314CC1C001F80FD /* Project object */;
}
